<?xml version="1.0" encoding="utf-8"?>
<Project ToolsVersion="4.0" xmlns="http://schemas.microsoft.com/developer/msbuild/2003">
  <ItemGroup>
    <Filter Include="源文件">
      <UniqueIdentifier>{4FC737F1-C7A5-4376-A066-2A32D752A2FF}</UniqueIdentifier>
      <Extensions>cpp;c;cc;cxx;def;odl;idl;hpj;bat;asm;asmx</Extensions>
    </Filter>
    <Filter Include="头文件">
      <UniqueIdentifier>{93995380-89BD-4b04-88EB-625FBE52EBFB}</UniqueIdentifier>
      <Extensions>h;hh;hpp;hxx;hm;inl;inc;xsd</Extensions>
    </Filter>
  </ItemGroup>
  <ItemGroup>
    <ClCompile Include="main.cpp">
      <Filter>源文件</Filter>
    </ClCompile>
    <ClCompile Include="orbDetector.cpp">
      <Filter>源文件</Filter>
    </ClCompile>
    <ClCompile Include="Frame.cpp">
      <Filter>源文件</Filter>
    </ClCompile>
    <ClCompile Include="FrameDrawer.cpp">
      <Filter>源文件</Filter>
    </ClCompile>
    <ClCompile Include="Initializer.cpp">
      <Filter>源文件</Filter>
    </ClCompile>
    <ClCompile Include="log.cpp">
      <Filter>源文件</Filter>
    </ClCompile>
    <ClCompile Include="MapDrawer.cpp">
      <Filter>源文件</Filter>
    </ClCompile>
    <ClCompile Include="orbmatcher.cpp">
      <Filter>源文件</Filter>
    </ClCompile>
    <ClCompile Include="RRConfig.cpp">
      <Filter>源文件</Filter>
    </ClCompile>
    <ClCompile Include="system.cpp">
      <Filter>源文件</Filter>
    </ClCompile>
    <ClCompile Include="Tracking.cpp">
      <Filter>源文件</Filter>
    </ClCompile>
    <ClCompile Include="Viewer.cpp">
      <Filter>源文件</Filter>
    </ClCompile>
  </ItemGroup>
  <ItemGroup>
    <ClInclude Include="orbDetector.h">
      <Filter>头文件</Filter>
    </ClInclude>
    <ClInclude Include="Frame.h">
      <Filter>头文件</Filter>
    </ClInclude>
    <ClInclude Include="FrameDrawer.h">
      <Filter>头文件</Filter>
    </ClInclude>
    <ClInclude Include="Initializer.h">
      <Filter>头文件</Filter>
    </ClInclude>
    <ClInclude Include="log.h">
      <Filter>头文件</Filter>
    </ClInclude>
    <ClInclude Include="MapDrawer.h">
      <Filter>头文件</Filter>
    </ClInclude>
    <ClInclude Include="orbmatcher.h">
      <Filter>头文件</Filter>
    </ClInclude>
    <ClInclude Include="RRConfig.h">
      <Filter>头文件</Filter>
    </ClInclude>
    <ClInclude Include="system.h">
      <Filter>头文件</Filter>
    </ClInclude>
    <ClInclude Include="Tracking.h">
      <Filter>头文件</Filter>
    </ClInclude>
    <ClInclude Include="Viewer.h">
      <Filter>头文件</Filter>
    </ClInclude>
  </ItemGroup>
</Project>